// !$*UTF8*$!
{
	archiveVersion = 1;
	classes = {
	};
	objectVersion = 46;
	objects = {

/* Begin PBXBuildFile section */
		B52F9CAB19F1B31E0032E981 /* Player.swift in Sources */ = {isa = PBXBuildFile; fileRef = B52F9CAA19F1B31E0032E981 /* Player.swift */; };
		B55D9A281A72DA2900B1CC52 /* SwiftestCore.framework in Frameworks */ = {isa = PBXBuildFile; fileRef = B55D9A271A72DA2900B1CC52 /* SwiftestCore.framework */; };
		B55D9A291A72DA4B00B1CC52 /* GameSpec.swift in Sources */ = {isa = PBXBuildFile; fileRef = B5624D7419E344CA00487185 /* GameSpec.swift */; };
		B55D9A2A1A72DAB400B1CC52 /* IntegrationSpec.swift in Sources */ = {isa = PBXBuildFile; fileRef = B5624D7619E344F100487185 /* IntegrationSpec.swift */; };
		B5624D3319E343CC00487185 /* AppDelegate.swift in Sources */ = {isa = PBXBuildFile; fileRef = B5624D3219E343CC00487185 /* AppDelegate.swift */; };
		B5624D3519E343CC00487185 /* ViewController.swift in Sources */ = {isa = PBXBuildFile; fileRef = B5624D3419E343CC00487185 /* ViewController.swift */; };
		B5624D3819E343CC00487185 /* Main.storyboard in Resources */ = {isa = PBXBuildFile; fileRef = B5624D3619E343CC00487185 /* Main.storyboard */; };
		B5624D3A19E343CC00487185 /* Images.xcassets in Resources */ = {isa = PBXBuildFile; fileRef = B5624D3919E343CC00487185 /* Images.xcassets */; };
		B5624D3D19E343CC00487185 /* LaunchScreen.xib in Resources */ = {isa = PBXBuildFile; fileRef = B5624D3B19E343CC00487185 /* LaunchScreen.xib */; };
		B5624D7219E3447B00487185 /* Game.swift in Sources */ = {isa = PBXBuildFile; fileRef = B5624D7119E3447B00487185 /* Game.swift */; };
		B57348891A72D6FF00B6F3F2 /* PlayerSpec.swift in Sources */ = {isa = PBXBuildFile; fileRef = B52F9CAD19F1B3420032E981 /* PlayerSpec.swift */; };
		B573488B1A72D7DC00B6F3F2 /* SwiftestXC.framework in Frameworks */ = {isa = PBXBuildFile; fileRef = B5A4138E1A6DE74F008A662E /* SwiftestXC.framework */; };
/* End PBXBuildFile section */

/* Begin PBXContainerItemProxy section */
		B57348841A72D6D200B6F3F2 /* PBXContainerItemProxy */ = {
			isa = PBXContainerItemProxy;
			containerPortal = B5624D2519E343CB00487185 /* Project object */;
			proxyType = 1;
			remoteGlobalIDString = B5624D2C19E343CB00487185;
			remoteInfo = HonorPool;
		};
		B5A4138D1A6DE74F008A662E /* PBXContainerItemProxy */ = {
			isa = PBXContainerItemProxy;
			containerPortal = B5A413871A6DE74F008A662E /* SwiftestXC.xcodeproj */;
			proxyType = 2;
			remoteGlobalIDString = 95D0FC5B19FFE8E900B15D6E;
			remoteInfo = SwiftestXC;
		};
		B5A4138F1A6DE74F008A662E /* PBXContainerItemProxy */ = {
			isa = PBXContainerItemProxy;
			containerPortal = B5A413871A6DE74F008A662E /* SwiftestXC.xcodeproj */;
			proxyType = 2;
			remoteGlobalIDString = 95D0FC6619FFE8E900B15D6E;
			remoteInfo = SwiftestXCTests;
		};
/* End PBXContainerItemProxy section */

/* Begin PBXFileReference section */
		B52F9CAA19F1B31E0032E981 /* Player.swift */ = {isa = PBXFileReference; fileEncoding = 4; lastKnownFileType = sourcecode.swift; path = Player.swift; sourceTree = "<group>"; };
		B52F9CAD19F1B3420032E981 /* PlayerSpec.swift */ = {isa = PBXFileReference; fileEncoding = 4; lastKnownFileType = sourcecode.swift; name = PlayerSpec.swift; path = ../HonorPoolSpecs/PlayerSpec.swift; sourceTree = "<group>"; };
		B55D9A271A72DA2900B1CC52 /* SwiftestCore.framework */ = {isa = PBXFileReference; lastKnownFileType = wrapper.framework; name = SwiftestCore.framework; path = "../../../../Developer/Xcode/DerivedData/HonorPool-dettvficdiywanfnlabscxmhhrem/Build/Products/Debug/SwiftestCore.framework"; sourceTree = "<group>"; };
		B5624D2D19E343CC00487185 /* HonorPool.app */ = {isa = PBXFileReference; explicitFileType = wrapper.application; includeInIndex = 0; path = HonorPool.app; sourceTree = BUILT_PRODUCTS_DIR; };
		B5624D3119E343CC00487185 /* Info.plist */ = {isa = PBXFileReference; lastKnownFileType = text.plist.xml; path = Info.plist; sourceTree = "<group>"; };
		B5624D3219E343CC00487185 /* AppDelegate.swift */ = {isa = PBXFileReference; lastKnownFileType = sourcecode.swift; path = AppDelegate.swift; sourceTree = "<group>"; };
		B5624D3419E343CC00487185 /* ViewController.swift */ = {isa = PBXFileReference; lastKnownFileType = sourcecode.swift; path = ViewController.swift; sourceTree = "<group>"; };
		B5624D3719E343CC00487185 /* Base */ = {isa = PBXFileReference; lastKnownFileType = file.storyboard; name = Base; path = Base.lproj/Main.storyboard; sourceTree = "<group>"; };
		B5624D3919E343CC00487185 /* Images.xcassets */ = {isa = PBXFileReference; lastKnownFileType = folder.assetcatalog; path = Images.xcassets; sourceTree = "<group>"; };
		B5624D3C19E343CC00487185 /* Base */ = {isa = PBXFileReference; lastKnownFileType = file.xib; name = Base; path = Base.lproj/LaunchScreen.xib; sourceTree = "<group>"; };
		B5624D6219E3442400487185 /* Info.plist */ = {isa = PBXFileReference; lastKnownFileType = text.plist.xml; path = Info.plist; sourceTree = "<group>"; };
		B5624D6419E3442400487185 /* SwiftestController.swift */ = {isa = PBXFileReference; lastKnownFileType = sourcecode.swift; name = SwiftestController.swift; path = Support/SwiftestController.swift; sourceTree = "<group>"; };
		B5624D6619E3442400487185 /* AppDelegate.swift */ = {isa = PBXFileReference; lastKnownFileType = sourcecode.swift; name = AppDelegate.swift; path = Support/AppDelegate.swift; sourceTree = "<group>"; };
		B5624D6919E3442400487185 /* Base */ = {isa = PBXFileReference; lastKnownFileType = file.storyboard; name = Base; path = Base.lproj/Main.storyboard; sourceTree = "<group>"; };
		B5624D7119E3447B00487185 /* Game.swift */ = {isa = PBXFileReference; fileEncoding = 4; lastKnownFileType = sourcecode.swift; path = Game.swift; sourceTree = "<group>"; };
		B5624D7419E344CA00487185 /* GameSpec.swift */ = {isa = PBXFileReference; fileEncoding = 4; lastKnownFileType = sourcecode.swift; name = GameSpec.swift; path = ../HonorPoolSpecs/GameSpec.swift; sourceTree = "<group>"; };
		B5624D7619E344F100487185 /* IntegrationSpec.swift */ = {isa = PBXFileReference; fileEncoding = 4; lastKnownFileType = sourcecode.swift; name = IntegrationSpec.swift; path = ../HonorPoolSpecs/IntegrationSpec.swift; sourceTree = "<group>"; };
		B573487E1A72D6D200B6F3F2 /* HonorPoolTests.xctest */ = {isa = PBXFileReference; explicitFileType = wrapper.cfbundle; includeInIndex = 0; path = HonorPoolTests.xctest; sourceTree = BUILT_PRODUCTS_DIR; };
		B57348811A72D6D200B6F3F2 /* Info.plist */ = {isa = PBXFileReference; lastKnownFileType = text.plist.xml; path = Info.plist; sourceTree = "<group>"; };
		B57348821A72D6D200B6F3F2 /* HonorPoolTests.swift */ = {isa = PBXFileReference; lastKnownFileType = sourcecode.swift; path = HonorPoolTests.swift; sourceTree = "<group>"; };
		B5A413871A6DE74F008A662E /* SwiftestXC.xcodeproj */ = {isa = PBXFileReference; lastKnownFileType = "wrapper.pb-project"; name = SwiftestXC.xcodeproj; path = Swiftest/src/SwiftestXC/SwiftestXC/SwiftestXC.xcodeproj; sourceTree = "<group>"; };
/* End PBXFileReference section */

/* Begin PBXFrameworksBuildPhase section */
		B5624D2A19E343CB00487185 /* Frameworks */ = {
			isa = PBXFrameworksBuildPhase;
			buildActionMask = 2147483647;
			files = (
			);
			runOnlyForDeploymentPostprocessing = 0;
		};
		B573487B1A72D6D200B6F3F2 /* Frameworks */ = {
			isa = PBXFrameworksBuildPhase;
			buildActionMask = 2147483647;
			files = (
				B55D9A281A72DA2900B1CC52 /* SwiftestCore.framework in Frameworks */,
				B573488B1A72D7DC00B6F3F2 /* SwiftestXC.framework in Frameworks */,
			);
			runOnlyForDeploymentPostprocessing = 0;
		};
/* End PBXFrameworksBuildPhase section */

/* Begin PBXGroup section */
		B5624D2419E343CB00487185 = {
			isa = PBXGroup;
			children = (
				B55D9A271A72DA2900B1CC52 /* SwiftestCore.framework */,
				B5A413871A6DE74F008A662E /* SwiftestXC.xcodeproj */,
				B5624D2F19E343CC00487185 /* HonorPool */,
				B5624D6019E3442400487185 /* HonorPoolSpecs */,
				B573487F1A72D6D200B6F3F2 /* HonorPoolTests */,
				B5624D2E19E343CC00487185 /* Products */,
			);
			sourceTree = "<group>";
		};
		B5624D2E19E343CC00487185 /* Products */ = {
			isa = PBXGroup;
			children = (
				B5624D2D19E343CC00487185 /* HonorPool.app */,
				B573487E1A72D6D200B6F3F2 /* HonorPoolTests.xctest */,
			);
			name = Products;
			sourceTree = "<group>";
		};
		B5624D2F19E343CC00487185 /* HonorPool */ = {
			isa = PBXGroup;
			children = (
				B5624D3219E343CC00487185 /* AppDelegate.swift */,
				B5624D3419E343CC00487185 /* ViewController.swift */,
				B5624D3619E343CC00487185 /* Main.storyboard */,
				B5624D3919E343CC00487185 /* Images.xcassets */,
				B5624D3B19E343CC00487185 /* LaunchScreen.xib */,
				B5624D3019E343CC00487185 /* Supporting Files */,
				B5624D7119E3447B00487185 /* Game.swift */,
				B52F9CAA19F1B31E0032E981 /* Player.swift */,
			);
			path = HonorPool;
			sourceTree = "<group>";
		};
		B5624D3019E343CC00487185 /* Supporting Files */ = {
			isa = PBXGroup;
			children = (
				B5624D3119E343CC00487185 /* Info.plist */,
			);
			name = "Supporting Files";
			sourceTree = "<group>";
		};
		B5624D6019E3442400487185 /* HonorPoolSpecs */ = {
			isa = PBXGroup;
			children = (
				B5624D6319E3442400487185 /* Support */,
				B5624D6119E3442400487185 /* Supporting Files */,
			);
			path = HonorPoolSpecs;
			sourceTree = "<group>";
		};
		B5624D6119E3442400487185 /* Supporting Files */ = {
			isa = PBXGroup;
			children = (
				B5624D6219E3442400487185 /* Info.plist */,
			);
			name = "Supporting Files";
			sourceTree = "<group>";
		};
		B5624D6319E3442400487185 /* Support */ = {
			isa = PBXGroup;
			children = (
				B5624D6419E3442400487185 /* SwiftestController.swift */,
				B5624D6619E3442400487185 /* AppDelegate.swift */,
				B5624D6819E3442400487185 /* Main.storyboard */,
			);
			name = Support;
			sourceTree = "<group>";
		};
		B573487F1A72D6D200B6F3F2 /* HonorPoolTests */ = {
			isa = PBXGroup;
			children = (
				B5624D7419E344CA00487185 /* GameSpec.swift */,
				B5624D7619E344F100487185 /* IntegrationSpec.swift */,
				B52F9CAD19F1B3420032E981 /* PlayerSpec.swift */,
				B57348821A72D6D200B6F3F2 /* HonorPoolTests.swift */,
				B57348801A72D6D200B6F3F2 /* Supporting Files */,
			);
			path = HonorPoolTests;
			sourceTree = "<group>";
		};
		B57348801A72D6D200B6F3F2 /* Supporting Files */ = {
			isa = PBXGroup;
			children = (
				B57348811A72D6D200B6F3F2 /* Info.plist */,
			);
			name = "Supporting Files";
			sourceTree = "<group>";
		};
		B5A413881A6DE74F008A662E /* Products */ = {
			isa = PBXGroup;
			children = (
				B5A4138E1A6DE74F008A662E /* SwiftestXC.framework */,
				B5A413901A6DE74F008A662E /* SwiftestXCTests.xctest */,
			);
			name = Products;
			sourceTree = "<group>";
		};
/* End PBXGroup section */

/* Begin PBXNativeTarget section */
		B5624D2C19E343CB00487185 /* HonorPool */ = {
			isa = PBXNativeTarget;
			buildConfigurationList = B5624D4C19E343CC00487185 /* Build configuration list for PBXNativeTarget "HonorPool" */;
			buildPhases = (
				B5624D2919E343CB00487185 /* Sources */,
				B5624D2A19E343CB00487185 /* Frameworks */,
				B5624D2B19E343CB00487185 /* Resources */,
			);
			buildRules = (
			);
			dependencies = (
			);
			name = HonorPool;
			productName = HonorPool;
			productReference = B5624D2D19E343CC00487185 /* HonorPool.app */;
			productType = "com.apple.product-type.application";
		};
		B573487D1A72D6D200B6F3F2 /* HonorPoolTests */ = {
			isa = PBXNativeTarget;
			buildConfigurationList = B57348861A72D6D200B6F3F2 /* Build configuration list for PBXNativeTarget "HonorPoolTests" */;
			buildPhases = (
				B573487A1A72D6D200B6F3F2 /* Sources */,
				B573487B1A72D6D200B6F3F2 /* Frameworks */,
				B573487C1A72D6D200B6F3F2 /* Resources */,
			);
			buildRules = (
			);
			dependencies = (
				B57348851A72D6D200B6F3F2 /* PBXTargetDependency */,
			);
			name = HonorPoolTests;
			productName = HonorPoolTests;
			productReference = B573487E1A72D6D200B6F3F2 /* HonorPoolTests.xctest */;
			productType = "com.apple.product-type.bundle.unit-test";
		};
/* End PBXNativeTarget section */

/* Begin PBXProject section */
		B5624D2519E343CB00487185 /* Project object */ = {
			isa = PBXProject;
			attributes = {
				LastUpgradeCheck = 0600;
				ORGANIZATIONNAME = "8th Light";
				TargetAttributes = {
					B5624D2C19E343CB00487185 = {
						CreatedOnToolsVersion = 6.0.1;
					};
					B573487D1A72D6D200B6F3F2 = {
						CreatedOnToolsVersion = 6.1.1;
						TestTargetID = B5624D2C19E343CB00487185;
					};
				};
			};
			buildConfigurationList = B5624D2819E343CB00487185 /* Build configuration list for PBXProject "HonorPool" */;
			compatibilityVersion = "Xcode 3.2";
			developmentRegion = English;
			hasScannedForEncodings = 0;
			knownRegions = (
				en,
				Base,
			);
			mainGroup = B5624D2419E343CB00487185;
			productRefGroup = B5624D2E19E343CC00487185 /* Products */;
			projectDirPath = "";
			projectReferences = (
				{
					ProductGroup = B5A413881A6DE74F008A662E /* Products */;
					ProjectRef = B5A413871A6DE74F008A662E /* SwiftestXC.xcodeproj */;
				},
			);
			projectRoot = "";
			targets = (
				B5624D2C19E343CB00487185 /* HonorPool */,
				B573487D1A72D6D200B6F3F2 /* HonorPoolTests */,
			);
		};
/* End PBXProject section */

/* Begin PBXReferenceProxy section */
		B5A4138E1A6DE74F008A662E /* SwiftestXC.framework */ = {
			isa = PBXReferenceProxy;
			fileType = wrapper.framework;
			path = SwiftestXC.framework;
			remoteRef = B5A4138D1A6DE74F008A662E /* PBXContainerItemProxy */;
			sourceTree = BUILT_PRODUCTS_DIR;
		};
		B5A413901A6DE74F008A662E /* SwiftestXCTests.xctest */ = {
			isa = PBXReferenceProxy;
			fileType = wrapper.cfbundle;
			path = SwiftestXCTests.xctest;
			remoteRef = B5A4138F1A6DE74F008A662E /* PBXContainerItemProxy */;
			sourceTree = BUILT_PRODUCTS_DIR;
		};
/* End PBXReferenceProxy section */

/* Begin PBXResourcesBuildPhase section */
		B5624D2B19E343CB00487185 /* Resources */ = {
			isa = PBXResourcesBuildPhase;
			buildActionMask = 2147483647;
			files = (
				B5624D3819E343CC00487185 /* Main.storyboard in Resources */,
				B5624D3D19E343CC00487185 /* LaunchScreen.xib in Resources */,
				B5624D3A19E343CC00487185 /* Images.xcassets in Resources */,
			);
			runOnlyForDeploymentPostprocessing = 0;
		};
		B573487C1A72D6D200B6F3F2 /* Resources */ = {
			isa = PBXResourcesBuildPhase;
			buildActionMask = 2147483647;
			files = (
			);
			runOnlyForDeploymentPostprocessing = 0;
		};
/* End PBXResourcesBuildPhase section */

/* Begin PBXSourcesBuildPhase section */
		B5624D2919E343CB00487185 /* Sources */ = {
			isa = PBXSourcesBuildPhase;
			buildActionMask = 2147483647;
			files = (
				B52F9CAB19F1B31E0032E981 /* Player.swift in Sources */,
				B5624D3519E343CC00487185 /* ViewController.swift in Sources */,
				B5624D7219E3447B00487185 /* Game.swift in Sources */,
				B5624D3319E343CC00487185 /* AppDelegate.swift in Sources */,
			);
			runOnlyForDeploymentPostprocessing = 0;
		};
		B573487A1A72D6D200B6F3F2 /* Sources */ = {
			isa = PBXSourcesBuildPhase;
			buildActionMask = 2147483647;
			files = (
				B55D9A2A1A72DAB400B1CC52 /* IntegrationSpec.swift in Sources */,
				B55D9A291A72DA4B00B1CC52 /* GameSpec.swift in Sources */,
				B57348891A72D6FF00B6F3F2 /* PlayerSpec.swift in Sources */,
			);
			runOnlyForDeploymentPostprocessing = 0;
		};
/* End PBXSourcesBuildPhase section */

/* Begin PBXTargetDependency section */
		B57348851A72D6D200B6F3F2 /* PBXTargetDependency */ = {
			isa = PBXTargetDependency;
			target = B5624D2C19E343CB00487185 /* HonorPool */;
			targetProxy = B57348841A72D6D200B6F3F2 /* PBXContainerItemProxy */;
		};
/* End PBXTargetDependency section */

/* Begin PBXVariantGroup section */
		B5624D3619E343CC00487185 /* Main.storyboard */ = {
			isa = PBXVariantGroup;
			children = (
				B5624D3719E343CC00487185 /* Base */,
			);
			name = Main.storyboard;
			sourceTree = "<group>";
		};
		B5624D3B19E343CC00487185 /* LaunchScreen.xib */ = {
			isa = PBXVariantGroup;
			children = (
				B5624D3C19E343CC00487185 /* Base */,
			);
			name = LaunchScreen.xib;
			sourceTree = "<group>";
		};
		B5624D6819E3442400487185 /* Main.storyboard */ = {
			isa = PBXVariantGroup;
			children = (
				B5624D6919E3442400487185 /* Base */,
			);
			name = Main.storyboard;
			sourceTree = "<group>";
		};
/* End PBXVariantGroup section */

/* Begin XCBuildConfiguration section */
		B5624D4A19E343CC00487185 /* Debug */ = {
			isa = XCBuildConfiguration;
			buildSettings = {
				ALWAYS_SEARCH_USER_PATHS = NO;
				CLANG_CXX_LANGUAGE_STANDARD = "gnu++0x";
				CLANG_CXX_LIBRARY = "libc++";
				CLANG_ENABLE_MODULES = YES;
				CLANG_ENABLE_OBJC_ARC = YES;
				CLANG_WARN_BOOL_CONVERSION = YES;
				CLANG_WARN_CONSTANT_CONVERSION = YES;
				CLANG_WARN_DIRECT_OBJC_ISA_USAGE = YES_ERROR;
				CLANG_WARN_EMPTY_BODY = YES;
				CLANG_WARN_ENUM_CONVERSION = YES;
				CLANG_WARN_INT_CONVERSION = YES;
				CLANG_WARN_OBJC_ROOT_CLASS = YES_ERROR;
				CLANG_WARN_UNREACHABLE_CODE = YES;
				CLANG_WARN__DUPLICATE_METHOD_MATCH = YES;
				"CODE_SIGN_IDENTITY[sdk=iphoneos*]" = "iPhone Developer";
				COPY_PHASE_STRIP = NO;
				ENABLE_STRICT_OBJC_MSGSEND = YES;
				GCC_C_LANGUAGE_STANDARD = gnu99;
				GCC_DYNAMIC_NO_PIC = NO;
				GCC_OPTIMIZATION_LEVEL = 0;
				GCC_PREPROCESSOR_DEFINITIONS = (
					"DEBUG=1",
					"$(inherited)",
				);
				GCC_SYMBOLS_PRIVATE_EXTERN = NO;
				GCC_WARN_64_TO_32_BIT_CONVERSION = YES;
				GCC_WARN_ABOUT_RETURN_TYPE = YES_ERROR;
				GCC_WARN_UNDECLARED_SELECTOR = YES;
				GCC_WARN_UNINITIALIZED_AUTOS = YES_AGGRESSIVE;
				GCC_WARN_UNUSED_FUNCTION = YES;
				GCC_WARN_UNUSED_VARIABLE = YES;
				IPHONEOS_DEPLOYMENT_TARGET = 8.0;
				MTL_ENABLE_DEBUG_INFO = YES;
				ONLY_ACTIVE_ARCH = YES;
				SDKROOT = iphoneos;
				SWIFT_OPTIMIZATION_LEVEL = "-Onone";
				TARGETED_DEVICE_FAMILY = "1,2";
			};
			name = Debug;
		};
		B5624D4B19E343CC00487185 /* Release */ = {
			isa = XCBuildConfiguration;
			buildSettings = {
				ALWAYS_SEARCH_USER_PATHS = NO;
				CLANG_CXX_LANGUAGE_STANDARD = "gnu++0x";
				CLANG_CXX_LIBRARY = "libc++";
				CLANG_ENABLE_MODULES = YES;
				CLANG_ENABLE_OBJC_ARC = YES;
				CLANG_WARN_BOOL_CONVERSION = YES;
				CLANG_WARN_CONSTANT_CONVERSION = YES;
				CLANG_WARN_DIRECT_OBJC_ISA_USAGE = YES_ERROR;
				CLANG_WARN_EMPTY_BODY = YES;
				CLANG_WARN_ENUM_CONVERSION = YES;
				CLANG_WARN_INT_CONVERSION = YES;
				CLANG_WARN_OBJC_ROOT_CLASS = YES_ERROR;
				CLANG_WARN_UNREACHABLE_CODE = YES;
				CLANG_WARN__DUPLICATE_METHOD_MATCH = YES;
				"CODE_SIGN_IDENTITY[sdk=iphoneos*]" = "iPhone Developer";
				COPY_PHASE_STRIP = YES;
				ENABLE_NS_ASSERTIONS = NO;
				ENABLE_STRICT_OBJC_MSGSEND = YES;
				GCC_C_LANGUAGE_STANDARD = gnu99;
				GCC_WARN_64_TO_32_BIT_CONVERSION = YES;
				GCC_WARN_ABOUT_RETURN_TYPE = YES_ERROR;
				GCC_WARN_UNDECLARED_SELECTOR = YES;
				GCC_WARN_UNINITIALIZED_AUTOS = YES_AGGRESSIVE;
				GCC_WARN_UNUSED_FUNCTION = YES;
				GCC_WARN_UNUSED_VARIABLE = YES;
				IPHONEOS_DEPLOYMENT_TARGET = 8.0;
				MTL_ENABLE_DEBUG_INFO = NO;
				SDKROOT = iphoneos;
				TARGETED_DEVICE_FAMILY = "1,2";
				VALIDATE_PRODUCT = YES;
			};
			name = Release;
		};
		B5624D4D19E343CC00487185 /* Debug */ = {
			isa = XCBuildConfiguration;
			buildSettings = {
				ASSETCATALOG_COMPILER_APPICON_NAME = AppIcon;
				INFOPLIST_FILE = HonorPool/Info.plist;
				LD_RUNPATH_SEARCH_PATHS = "$(inherited) @executable_path/Frameworks";
				PRODUCT_NAME = "$(TARGET_NAME)";
			};
			name = Debug;
		};
		B5624D4E19E343CC00487185 /* Release */ = {
			isa = XCBuildConfiguration;
			buildSettings = {
				ASSETCATALOG_COMPILER_APPICON_NAME = AppIcon;
				INFOPLIST_FILE = HonorPool/Info.plist;
				LD_RUNPATH_SEARCH_PATHS = "$(inherited) @executable_path/Frameworks";
				PRODUCT_NAME = "$(TARGET_NAME)";
			};
			name = Release;
		};
		B57348871A72D6D200B6F3F2 /* Debug */ = {
			isa = XCBuildConfiguration;
			buildSettings = {
				BUNDLE_LOADER = "$(TEST_HOST)";
				FRAMEWORK_SEARCH_PATHS = (
					"$(SDKROOT)/Developer/Library/Frameworks",
					"$(inherited)",
					"$(USER_LIBRARY_DIR)/Developer/Xcode/DerivedData/HonorPool-dettvficdiywanfnlabscxmhhrem/Build/Products/Debug",
				);
				GCC_PREPROCESSOR_DEFINITIONS = (
					"DEBUG=1",
					"$(inherited)",
				);
				INFOPLIST_FILE = HonorPoolTests/Info.plist;
				IPHONEOS_DEPLOYMENT_TARGET = 8.1;
				LD_RUNPATH_SEARCH_PATHS = "$(inherited) @executable_path/Frameworks @loader_path/Frameworks";
				PRODUCT_NAME = "$(TARGET_NAME)";
				TEST_HOST = "$(BUILT_PRODUCTS_DIR)/HonorPool.app/HonorPool";
			};
			name = Debug;
		};
		B57348881A72D6D200B6F3F2 /* Release */ = {
			isa = XCBuildConfiguration;
			buildSettings = {
				BUNDLE_LOADER = "$(TEST_HOST)";
				FRAMEWORK_SEARCH_PATHS = (
					"$(SDKROOT)/Developer/Library/Frameworks",
					"$(inherited)",
					"$(USER_LIBRARY_DIR)/Developer/Xcode/DerivedData/HonorPool-dettvficdiywanfnlabscxmhhrem/Build/Products/Debug",
				);
				INFOPLIST_FILE = HonorPoolTests/Info.plist;
				IPHONEOS_DEPLOYMENT_TARGET = 8.1;
				LD_RUNPATH_SEARCH_PATHS = "$(inherited) @executable_path/Frameworks @loader_path/Frameworks";
				PRODUCT_NAME = "$(TARGET_NAME)";
				TEST_HOST = "$(BUILT_PRODUCTS_DIR)/HonorPool.app/HonorPool";
			};
			name = Release;
		};
/* End XCBuildConfiguration section */

/* Begin XCConfigurationList section */
		B5624D2819E343CB00487185 /* Build configuration list for PBXProject "HonorPool" */ = {
			isa = XCConfigurationList;
			buildConfigurations = (
				B5624D4A19E343CC00487185 /* Debug */,
				B5624D4B19E343CC00487185 /* Release */,
			);
			defaultConfigurationIsVisible = 0;
			defaultConfigurationName = Release;
		};
		B5624D4C19E343CC00487185 /* Build configuration list for PBXNativeTarget "HonorPool" */ = {
			isa = XCConfigurationList;
			buildConfigurations = (
				B5624D4D19E343CC00487185 /* Debug */,
				B5624D4E19E343CC00487185 /* Release */,
			);
			defaultConfigurationIsVisible = 0;
			defaultConfigurationName = Release;
		};
		B57348861A72D6D200B6F3F2 /* Build configuration list for PBXNativeTarget "HonorPoolTests" */ = {
			isa = XCConfigurationList;
			buildConfigurations = (
				B57348871A72D6D200B6F3F2 /* Debug */,
				B57348881A72D6D200B6F3F2 /* Release */,
			);
			defaultConfigurationIsVisible = 0;
			defaultConfigurationName = Release;
		};
/* End XCConfigurationList section */
	};
	rootObject = B5624D2519E343CB00487185 /* Project object */;
}
